{
  "name": "cf-templates",
  "version": "0.0.4",
  "lockfileVersion": 1,
  "requires": true,
  "dependencies": {
    "jsonc-parser": {
      "version": "0.2.3",
      "resolved": "https://registry.npmjs.org/jsonc-parser/-/jsonc-parser-0.2.3.tgz",
      "integrity": "sha1-X0wlYgK/REhoSPu1x9pA7muOFvg=",
      "requires": {
        "vscode-nls": "1.0.4"
      }
    },
    "vscode-json-languageservice": {
      "version": "1.1.9",
      "resolved": "https://registry.npmjs.org/vscode-json-languageservice/-/vscode-json-languageservice-1.1.9.tgz",
      "integrity": "sha1-DYp9WCiTBeBa36qtzv0wHOcyQM8=",
      "requires": {
        "jsonc-parser": "0.2.3",
        "vscode-languageserver-types": "1.0.2",
        "vscode-nls": "1.0.4",
        "vscode-uri": "0.0.7"
      }
    },
    "vscode-languageserver-types": {
      "version": "1.0.2",
      "resolved": "https://registry.npmjs.org/vscode-languageserver-types/-/vscode-languageserver-types-1.0.2.tgz",
      "integrity": "sha1-KlmE2teCu4FpwIfEcREw0Dj20Q4="
    },
    "vscode-nls": {
      "version": "1.0.4",
      "resolved": "https://registry.npmjs.org/vscode-nls/-/vscode-nls-1.0.4.tgz",
      "integrity": "sha1-t2vbcGWJk94ChvckYj5DTr4gdBc="
    },
    "vscode-uri": {
      "version": "0.0.7",
      "resolved": "https://registry.npmjs.org/vscode-uri/-/vscode-uri-0.0.7.tgz",
      "integrity": "sha1-Q+GM3SqyN38Ix3VUw1dXhvPmYTg="
    }
  }
}
